// !$*UTF8*$!
{
	archiveVersion = 1;
	classes = {
	};
	objectVersion = 46;
	objects = {

/* Begin PBXBuildFile section */
		AA1779031B8B140800803897 /* main.m in Sources */ = {isa = PBXBuildFile; fileRef = AA1779021B8B140800803897 /* main.m */; };
		AA1779061B8B140800803897 /* AppDelegate.m in Sources */ = {isa = PBXBuildFile; fileRef = AA1779051B8B140800803897 /* AppDelegate.m */; };
		AA1779091B8B140800803897 /* ViewController.m in Sources */ = {isa = PBXBuildFile; fileRef = AA1779081B8B140800803897 /* ViewController.m */; };
		AA17790C1B8B140800803897 /* Main.storyboard in Resources */ = {isa = PBXBuildFile; fileRef = AA17790A1B8B140800803897 /* Main.storyboard */; };
		AA17790E1B8B140800803897 /* Images.xcassets in Resources */ = {isa = PBXBuildFile; fileRef = AA17790D1B8B140800803897 /* Images.xcassets */; };
		AA1779111B8B140800803897 /* LaunchScreen.xib in Resources */ = {isa = PBXBuildFile; fileRef = AA17790F1B8B140800803897 /* LaunchScreen.xib */; };
		AA1779281B8B14C600803897 /* CustomTableViewCell.m in Sources */ = {isa = PBXBuildFile; fileRef = AA1779271B8B14C600803897 /* CustomTableViewCell.m */; };
/* End PBXBuildFile section */

/* Begin PBXFileReference section */
		AA1778FD1B8B140800803897 /* DeleteMultiRowsTableView.app */ = {isa = PBXFileReference; explicitFileType = wrapper.application; includeInIndex = 0; path = DeleteMultiRowsTableView.app; sourceTree = BUILT_PRODUCTS_DIR; };
		AA1779011B8B140800803897 /* Info.plist */ = {isa = PBXFileReference; lastKnownFileType = text.plist.xml; path = Info.plist; sourceTree = "<group>"; };
		AA1779021B8B140800803897 /* main.m */ = {isa = PBXFileReference; lastKnownFileType = sourcecode.c.objc; path = main.m; sourceTree = "<group>"; };
		AA1779041B8B140800803897 /* AppDelegate.h */ = {isa = PBXFileReference; lastKnownFileType = sourcecode.c.h; path = AppDelegate.h; sourceTree = "<group>"; };
		AA1779051B8B140800803897 /* AppDelegate.m */ = {isa = PBXFileReference; lastKnownFileType = sourcecode.c.objc; path = AppDelegate.m; sourceTree = "<group>"; };
		AA1779071B8B140800803897 /* ViewController.h */ = {isa = PBXFileReference; lastKnownFileType = sourcecode.c.h; path = ViewController.h; sourceTree = "<group>"; };
		AA1779081B8B140800803897 /* ViewController.m */ = {isa = PBXFileReference; lastKnownFileType = sourcecode.c.objc; path = ViewController.m; sourceTree = "<group>"; };
		AA17790B1B8B140800803897 /* Base */ = {isa = PBXFileReference; lastKnownFileType = file.storyboard; name = Base; path = Base.lproj/Main.storyboard; sourceTree = "<group>"; };
		AA17790D1B8B140800803897 /* Images.xcassets */ = {isa = PBXFileReference; lastKnownFileType = folder.assetcatalog; path = Images.xcassets; sourceTree = "<group>"; };
		AA1779101B8B140800803897 /* Base */ = {isa = PBXFileReference; lastKnownFileType = file.xib; name = Base; path = Base.lproj/LaunchScreen.xib; sourceTree = "<group>"; };
		AA17791B1B8B140800803897 /* Info.plist */ = {isa = PBXFileReference; lastKnownFileType = text.plist.xml; path = Info.plist; sourceTree = "<group>"; };
		AA17791C1B8B140800803897 /* testeditTests.m */ = {isa = PBXFileReference; lastKnownFileType = sourcecode.c.objc; path = testeditTests.m; sourceTree = "<group>"; };
		AA1779261B8B14C600803897 /* CustomTableViewCell.h */ = {isa = PBXFileReference; fileEncoding = 4; lastKnownFileType = sourcecode.c.h; path = CustomTableViewCell.h; sourceTree = "<group>"; };
		AA1779271B8B14C600803897 /* CustomTableViewCell.m */ = {isa = PBXFileReference; fileEncoding = 4; lastKnownFileType = sourcecode.c.objc; path = CustomTableViewCell.m; sourceTree = "<group>"; };
/* End PBXFileReference section */

/* Begin PBXFrameworksBuildPhase section */
		AA1778FA1B8B140800803897 /* Frameworks */ = {
			isa = PBXFrameworksBuildPhase;
			buildActionMask = 2147483647;
			files = (
			);
			runOnlyForDeploymentPostprocessing = 0;
		};
/* End PBXFrameworksBuildPhase section */

/* Begin PBXGroup section */
		AA1778F41B8B140800803897 = {
			isa = PBXGroup;
			children = (
				AA1778FF1B8B140800803897 /* testedit */,
				AA1779191B8B140800803897 /* testeditTests */,
				AA1778FE1B8B140800803897 /* Products */,
			);
			sourceTree = "<group>";
		};
		AA1778FE1B8B140800803897 /* Products */ = {
			isa = PBXGroup;
			children = (
				AA1778FD1B8B140800803897 /* DeleteMultiRowsTableView.app */,
			);
			name = Products;
			sourceTree = "<group>";
		};
		AA1778FF1B8B140800803897 /* testedit */ = {
			isa = PBXGroup;
			children = (
				AA1779041B8B140800803897 /* AppDelegate.h */,
				AA1779051B8B140800803897 /* AppDelegate.m */,
				AA1779071B8B140800803897 /* ViewController.h */,
				AA1779081B8B140800803897 /* ViewController.m */,
				AA17790A1B8B140800803897 /* Main.storyboard */,
				AA17790D1B8B140800803897 /* Images.xcassets */,
				AA17790F1B8B140800803897 /* LaunchScreen.xib */,
				AA1779001B8B140800803897 /* Supporting Files */,
				AA1779261B8B14C600803897 /* CustomTableViewCell.h */,
				AA1779271B8B14C600803897 /* CustomTableViewCell.m */,
			);
			path = testedit;
			sourceTree = "<group>";
		};
		AA1779001B8B140800803897 /* Supporting Files */ = {
			isa = PBXGroup;
			children = (
				AA1779011B8B140800803897 /* Info.plist */,
				AA1779021B8B140800803897 /* main.m */,
			);
			name = "Supporting Files";
			sourceTree = "<group>";
		};
		AA1779191B8B140800803897 /* testeditTests */ = {
			isa = PBXGroup;
			children = (
				AA17791C1B8B140800803897 /* testeditTests.m */,
				AA17791A1B8B140800803897 /* Supporting Files */,
			);
			path = testeditTests;
			sourceTree = "<group>";
		};
		AA17791A1B8B140800803897 /* Supporting Files */ = {
			isa = PBXGroup;
			children = (
				AA17791B1B8B140800803897 /* Info.plist */,
			);
			name = "Supporting Files";
			sourceTree = "<group>";
		};
/* End PBXGroup section */

/* Begin PBXNativeTarget section */
		AA1778FC1B8B140800803897 /* DeleteMultiRowsTableView */ = {
			isa = PBXNativeTarget;
			buildConfigurationList = AA1779201B8B140800803897 /* Build configuration list for PBXNativeTarget "DeleteMultiRowsTableView" */;
			buildPhases = (
				AA1778F91B8B140800803897 /* Sources */,
				AA1778FA1B8B140800803897 /* Frameworks */,
				AA1778FB1B8B140800803897 /* Resources */,
			);
			buildRules = (
			);
			dependencies = (
			);
			name = DeleteMultiRowsTableView;
			productName = testedit;
			productReference = AA1778FD1B8B140800803897 /* DeleteMultiRowsTableView.app */;
			productType = "com.apple.product-type.application";
		};
/* End PBXNativeTarget section */

/* Begin PBXProject section */
		AA1778F51B8B140800803897 /* Project object */ = {
			isa = PBXProject;
			attributes = {
				LastUpgradeCheck = 0640;
				ORGANIZATIONNAME = sujian;
				TargetAttributes = {
					AA1778FC1B8B140800803897 = {
						CreatedOnToolsVersion = 6.4;
					};
				};
			};
			buildConfigurationList = AA1778F81B8B140800803897 /* Build configuration list for PBXProject "DeleteMultiRowsTableView" */;
			compatibilityVersion = "Xcode 3.2";
			developmentRegion = English;
			hasScannedForEncodings = 0;
			knownRegions = (
				en,
				Base,
			);
			mainGroup = AA1778F41B8B140800803897;
			productRefGroup = AA1778FE1B8B140800803897 /* Products */;
			projectDirPath = "";
			projectRoot = "";
			targets = (
				AA1778FC1B8B140800803897 /* DeleteMultiRowsTableView */,
			);
		};
/* End PBXProject section */

/* Begin PBXResourcesBuildPhase section */
		AA1778FB1B8B140800803897 /* Resources */ = {
			isa = PBXResourcesBuildPhase;
			buildActionMask = 2147483647;
			files = (
				AA17790C1B8B140800803897 /* Main.storyboard in Resources */,
				AA1779111B8B140800803897 /* LaunchScreen.xib in Resources */,
				AA17790E1B8B140800803897 /* Images.xcassets in Resources */,
			);
			runOnlyForDeploymentPostprocessing = 0;
		};
/* End PBXResourcesBuildPhase section */

/* Begin PBXSourcesBuildPhase section */
		AA1778F91B8B140800803897 /* Sources */ = {
			isa = PBXSourcesBuildPhase;
			buildActionMask = 2147483647;
			files = (
				AA1779091B8B140800803897 /* ViewController.m in Sources */,
				AA1779061B8B140800803897 /* AppDelegate.m in Sources */,
				AA1779281B8B14C600803897 /* CustomTableViewCell.m in Sources */,
				AA1779031B8B140800803897 /* main.m in Sources */,
			);
			runOnlyForDeploymentPostprocessing = 0;
		};
/* End PBXSourcesBuildPhase section */

/* Begin PBXVariantGroup section */
		AA17790A1B8B140800803897 /* Main.storyboard */ = {
			isa = PBXVariantGroup;
			children = (
				AA17790B1B8B140800803897 /* Base */,
			);
			name = Main.storyboard;
			sourceTree = "<group>";
		};
		AA17790F1B8B140800803897 /* LaunchScreen.xib */ = {
			isa = PBXVariantGroup;
			children = (
				AA1779101B8B140800803897 /* Base */,
			);
			name = LaunchScreen.xib;
			sourceTree = "<group>";
		};
/* End PBXVariantGroup section */

/* Begin XCBuildConfiguration section */
		AA17791E1B8B140800803897 /* Debug */ = {
			isa = XCBuildConfiguration;
			buildSettings = {
				ALWAYS_SEARCH_USER_PATHS = NO;
				CLANG_CXX_LANGUAGE_STANDARD = "gnu++0x";
				CLANG_CXX_LIBRARY = "libc++";
				CLANG_ENABLE_MODULES = YES;
				CLANG_ENABLE_OBJC_ARC = YES;
				CLANG_WARN_BOOL_CONVERSION = YES;
				CLANG_WARN_CONSTANT_CONVERSION = YES;
				CLANG_WARN_DIRECT_OBJC_ISA_USAGE = YES_ERROR;
				CLANG_WARN_EMPTY_BODY = YES;
				CLANG_WARN_ENUM_CONVERSION = YES;
				CLANG_WARN_INT_CONVERSION = YES;
				CLANG_WARN_OBJC_ROOT_CLASS = YES_ERROR;
				CLANG_WARN_UNREACHABLE_CODE = YES;
				CLANG_WARN__DUPLICATE_METHOD_MATCH = YES;
				"CODE_SIGN_IDENTITY[sdk=iphoneos*]" = "iPhone Developer";
				COPY_PHASE_STRIP = NO;
				DEBUG_INFORMATION_FORMAT = "dwarf-with-dsym";
				ENABLE_STRICT_OBJC_MSGSEND = YES;
				GCC_C_LANGUAGE_STANDARD = gnu99;
				GCC_DYNAMIC_NO_PIC = NO;
				GCC_NO_COMMON_BLOCKS = YES;
				GCC_OPTIMIZATION_LEVEL = 0;
				GCC_PREPROCESSOR_DEFINITIONS = (
					"DEBUG=1",
					"$(inherited)",
				);
				GCC_SYMBOLS_PRIVATE_EXTERN = NO;
				GCC_WARN_64_TO_32_BIT_CONVERSION = YES;
				GCC_WARN_ABOUT_RETURN_TYPE = YES_ERROR;
				GCC_WARN_UNDECLARED_SELECTOR = YES;
				GCC_WARN_UNINITIALIZED_AUTOS = YES_AGGRESSIVE;
				GCC_WARN_UNUSED_FUNCTION = YES;
				GCC_WARN_UNUSED_VARIABLE = YES;
				IPHONEOS_DEPLOYMENT_TARGET = 8.4;
				MTL_ENABLE_DEBUG_INFO = YES;
				ONLY_ACTIVE_ARCH = YES;
				SDKROOT = iphoneos;
			};
			name = Debug;
		};
		AA17791F1B8B140800803897 /* Release */ = {
			isa = XCBuildConfiguration;
			buildSettings = {
				ALWAYS_SEARCH_USER_PATHS = NO;
				CLANG_CXX_LANGUAGE_STANDARD = "gnu++0x";
				CLANG_CXX_LIBRARY = "libc++";
				CLANG_ENABLE_MODULES = YES;
				CLANG_ENABLE_OBJC_ARC = YES;
				CLANG_WARN_BOOL_CONVERSION = YES;
				CLANG_WARN_CONSTANT_CONVERSION = YES;
				CLANG_WARN_DIRECT_OBJC_ISA_USAGE = YES_ERROR;
				CLANG_WARN_EMPTY_BODY = YES;
				CLANG_WARN_ENUM_CONVERSION = YES;
				CLANG_WARN_INT_CONVERSION = YES;
				CLANG_WARN_OBJC_ROOT_CLASS = YES_ERROR;
				CLANG_WARN_UNREACHABLE_CODE = YES;
				CLANG_WARN__DUPLICATE_METHOD_MATCH = YES;
				"CODE_SIGN_IDENTITY[sdk=iphoneos*]" = "iPhone Developer";
				COPY_PHASE_STRIP = NO;
				DEBUG_INFORMATION_FORMAT = "dwarf-with-dsym";
				ENABLE_NS_ASSERTIONS = NO;
				ENABLE_STRICT_OBJC_MSGSEND = YES;
				GCC_C_LANGUAGE_STANDARD = gnu99;
				GCC_NO_COMMON_BLOCKS = YES;
				GCC_WARN_64_TO_32_BIT_CONVERSION = YES;
				GCC_WARN_ABOUT_RETURN_TYPE = YES_ERROR;
				GCC_WARN_UNDECLARED_SELECTOR = YES;
				GCC_WARN_UNINITIALIZED_AUTOS = YES_AGGRESSIVE;
				GCC_WARN_UNUSED_FUNCTION = YES;
				GCC_WARN_UNUSED_VARIABLE = YES;
				IPHONEOS_DEPLOYMENT_TARGET = 8.4;
				MTL_ENABLE_DEBUG_INFO = NO;
				SDKROOT = iphoneos;
				VALIDATE_PRODUCT = YES;
			};
			name = Release;
		};
		AA1779211B8B140800803897 /* Debug */ = {
			isa = XCBuildConfiguration;
			buildSettings = {
				ASSETCATALOG_COMPILER_APPICON_NAME = AppIcon;
				INFOPLIST_FILE = testedit/Info.plist;
				LD_RUNPATH_SEARCH_PATHS = "$(inherited) @executable_path/Frameworks";
				PRODUCT_NAME = DeleteMultiRowsTableView;
			};
			name = Debug;
		};
		AA1779221B8B140800803897 /* Release */ = {
			isa = XCBuildConfiguration;
			buildSettings = {
				ASSETCATALOG_COMPILER_APPICON_NAME = AppIcon;
				INFOPLIST_FILE = testedit/Info.plist;
				LD_RUNPATH_SEARCH_PATHS = "$(inherited) @executable_path/Frameworks";
				PRODUCT_NAME = DeleteMultiRowsTableView;
			};
			name = Release;
		};
/* End XCBuildConfiguration section */

/* Begin XCConfigurationList section */
		AA1778F81B8B140800803897 /* Build configuration list for PBXProject "DeleteMultiRowsTableView" */ = {
			isa = XCConfigurationList;
			buildConfigurations = (
				AA17791E1B8B140800803897 /* Debug */,
				AA17791F1B8B140800803897 /* Release */,
			);
			defaultConfigurationIsVisible = 0;
			defaultConfigurationName = Release;
		};
		AA1779201B8B140800803897 /* Build configuration list for PBXNativeTarget "DeleteMultiRowsTableView" */ = {
			isa = XCConfigurationList;
			buildConfigurations = (
				AA1779211B8B140800803897 /* Debug */,
				AA1779221B8B140800803897 /* Release */,
			);
			defaultConfigurationIsVisible = 0;
			defaultConfigurationName = Release;
		};
/* End XCConfigurationList section */
	};
	rootObject = AA1778F51B8B140800803897 /* Project object */;
}
